PODS:
  - PieCrust (0.4):
    - SnapKit (~> 4.0)
  - SnapKit (4.0.0)

DEPENDENCIES:
  - PieCrust (from `../`)

EXTERNAL SOURCES:
  PieCrust:
    :path: ../

SPEC CHECKSUMS:
  PieCrust: 2223f1ca30076c7db1e7a1cc175b0a0e6dca113b
  SnapKit: a42d492c16e80209130a3379f73596c3454b7694

PODFILE CHECKSUM: dfd5ddd251420908a6e0c32adba8954aee3c5d9e

COCOAPODS: 1.4.0
