PODS:
  - PieCrust (0.1):
    - SnapKit (~> 4.0)
  - SnapKit (4.0.0)

DEPENDENCIES:
  - PieCrust (from `../`)

EXTERNAL SOURCES:
  PieCrust:
    :path: ../

SPEC CHECKSUMS:
  PieCrust: 54e51a04e5e9ae1d911ce82bb18a77c06328cb57
  SnapKit: a42d492c16e80209130a3379f73596c3454b7694

PODFILE CHECKSUM: dfd5ddd251420908a6e0c32adba8954aee3c5d9e

COCOAPODS: 1.4.0
