// !$*UTF8*$!
{
	archiveVersion = 1;
	classes = {
	};
	objectVersion = 48;
	objects = {

/* Begin PBXBuildFile section */
		0701FE3C202830C90055AC19 /* PieCrust.h in Headers */ = {isa = PBXBuildFile; fileRef = 0701FE3A202830C90055AC19 /* PieCrust.h */; settings = {ATTRIBUTES = (Public, ); }; };
		0711C5D4202C6CA0008BF833 /* PCNavigationController.swift in Sources */ = {isa = PBXBuildFile; fileRef = 0711C5B1202C6CA0008BF833 /* PCNavigationController.swift */; };
		0711C5D5202C6CA0008BF833 /* PCTabBarController.swift in Sources */ = {isa = PBXBuildFile; fileRef = 0711C5B2202C6CA0008BF833 /* PCTabBarController.swift */; };
		0711C5D6202C6CA0008BF833 /* PCGenericTableController.swift in Sources */ = {isa = PBXBuildFile; fileRef = 0711C5B4202C6CA0008BF833 /* PCGenericTableController.swift */; };
		0711C5D7202C6CA0008BF833 /* PCTableViewController.swift in Sources */ = {isa = PBXBuildFile; fileRef = 0711C5B5202C6CA0008BF833 /* PCTableViewController.swift */; };
		0711C5D8202C6CA0008BF833 /* PCViewController.swift in Sources */ = {isa = PBXBuildFile; fileRef = 0711C5B6202C6CA0008BF833 /* PCViewController.swift */; };
		0711C5D9202C6CA0008BF833 /* PCWebViewController.swift in Sources */ = {isa = PBXBuildFile; fileRef = 0711C5B7202C6CA0008BF833 /* PCWebViewController.swift */; };
		0711C5DA202C6CA0008BF833 /* PCAlertable.swift in Sources */ = {isa = PBXBuildFile; fileRef = 0711C5B9202C6CA0008BF833 /* PCAlertable.swift */; };
		0711C5DB202C6CA0008BF833 /* PCAnimatable.swift in Sources */ = {isa = PBXBuildFile; fileRef = 0711C5BA202C6CA0008BF833 /* PCAnimatable.swift */; };
		0711C5DC202C6CA0008BF833 /* PCBorderable.swift in Sources */ = {isa = PBXBuildFile; fileRef = 0711C5BB202C6CA0008BF833 /* PCBorderable.swift */; };
		0711C5DD202C6CA0008BF833 /* PCConfettiable.swift in Sources */ = {isa = PBXBuildFile; fileRef = 0711C5BC202C6CA0008BF833 /* PCConfettiable.swift */; };
		0711C5DE202C6CA0008BF833 /* PCShadowable.swift in Sources */ = {isa = PBXBuildFile; fileRef = 0711C5BD202C6CA0008BF833 /* PCShadowable.swift */; };
		0711C5DF202C6CA0008BF833 /* InternalExtensions.swift in Sources */ = {isa = PBXBuildFile; fileRef = 0711C5BF202C6CA0008BF833 /* InternalExtensions.swift */; };
		0711C5E0202C6CA0008BF833 /* PublicExtensions.swift in Sources */ = {isa = PBXBuildFile; fileRef = 0711C5C0202C6CA0008BF833 /* PublicExtensions.swift */; };
		072AE05D2028506B00D8DDAD /* PieCrustAssets.bundle in Resources */ = {isa = PBXBuildFile; fileRef = 072AE05C2028506B00D8DDAD /* PieCrustAssets.bundle */; };
		074EDDD62037309D00343889 /* PCLabelTests.swift in Sources */ = {isa = PBXBuildFile; fileRef = 074EDDD52037309D00343889 /* PCLabelTests.swift */; };
		0755B1D5203EC2BD0086C9EF /* PCVisualEffectView.swift in Sources */ = {isa = PBXBuildFile; fileRef = 0755B1D4203EC2BD0086C9EF /* PCVisualEffectView.swift */; };
		0755B1D7203EC7250086C9EF /* PCPillButton.swift in Sources */ = {isa = PBXBuildFile; fileRef = 0755B1D6203EC7250086C9EF /* PCPillButton.swift */; };
		0755B1E3203EDCEE0086C9EF /* PCPillTextField.swift in Sources */ = {isa = PBXBuildFile; fileRef = 0755B1E2203EDCEE0086C9EF /* PCPillTextField.swift */; };
		0795087D2036FF5D003EA142 /* PieCrust.framework in Frameworks */ = {isa = PBXBuildFile; fileRef = 0701FE37202830C90055AC19 /* PieCrust.framework */; };
		079F8F6C202DE4C100599D22 /* PCCollectionViewController.swift in Sources */ = {isa = PBXBuildFile; fileRef = 079F8F6B202DE4C100599D22 /* PCCollectionViewController.swift */; };
		079F8F6E202DE4E900599D22 /* PCGenericCollectionViewController.swift in Sources */ = {isa = PBXBuildFile; fileRef = 079F8F6D202DE4E900599D22 /* PCGenericCollectionViewController.swift */; };
		07DADFAA2036DBE9002A6088 /* PCButton.swift in Sources */ = {isa = PBXBuildFile; fileRef = 07DADF942036DBE9002A6088 /* PCButton.swift */; };
		07DADFAB2036DBE9002A6088 /* PCBarButtonItem.swift in Sources */ = {isa = PBXBuildFile; fileRef = 07DADF952036DBE9002A6088 /* PCBarButtonItem.swift */; };
		07DADFAC2036DBE9002A6088 /* PCLoadingButton.swift in Sources */ = {isa = PBXBuildFile; fileRef = 07DADF962036DBE9002A6088 /* PCLoadingButton.swift */; };
		07DADFAD2036DBE9002A6088 /* PCSwitch.swift in Sources */ = {isa = PBXBuildFile; fileRef = 07DADF972036DBE9002A6088 /* PCSwitch.swift */; };
		07DADFAE2036DBE9002A6088 /* PCSegmentedControl.swift in Sources */ = {isa = PBXBuildFile; fileRef = 07DADF982036DBE9002A6088 /* PCSegmentedControl.swift */; };
		07DADFAF2036DBE9002A6088 /* PCTextField.swift in Sources */ = {isa = PBXBuildFile; fileRef = 07DADF9B2036DBE9002A6088 /* PCTextField.swift */; };
		07DADFB02036DBE9002A6088 /* PCTableViewCell.swift in Sources */ = {isa = PBXBuildFile; fileRef = 07DADF9D2036DBE9002A6088 /* PCTableViewCell.swift */; };
		07DADFB12036DBEA002A6088 /* PCGenericTableViewCell.swift in Sources */ = {isa = PBXBuildFile; fileRef = 07DADF9E2036DBE9002A6088 /* PCGenericTableViewCell.swift */; };
		07DADFB22036DBEA002A6088 /* PCLabel.swift in Sources */ = {isa = PBXBuildFile; fileRef = 07DADFA02036DBE9002A6088 /* PCLabel.swift */; };
		07DADFB32036DBEA002A6088 /* PCCollectionViewCell.swift in Sources */ = {isa = PBXBuildFile; fileRef = 07DADFA22036DBE9002A6088 /* PCCollectionViewCell.swift */; };
		07DADFB42036DBEA002A6088 /* PCGenericCollectionViewCell.swift in Sources */ = {isa = PBXBuildFile; fileRef = 07DADFA32036DBE9002A6088 /* PCGenericCollectionViewCell.swift */; };
		07DADFB52036DBEA002A6088 /* PCActivityIndicatorView.swift in Sources */ = {isa = PBXBuildFile; fileRef = 07DADFA42036DBE9002A6088 /* PCActivityIndicatorView.swift */; };
		07DADFB62036DBEA002A6088 /* PCView.swift in Sources */ = {isa = PBXBuildFile; fileRef = 07DADFA62036DBE9002A6088 /* PCView.swift */; };
		07DADFB72036DBEA002A6088 /* PCImageView.swift in Sources */ = {isa = PBXBuildFile; fileRef = 07DADFA72036DBE9002A6088 /* PCImageView.swift */; };
		07DADFB82036DBEA002A6088 /* PCConfettiView.swift in Sources */ = {isa = PBXBuildFile; fileRef = 07DADFA82036DBE9002A6088 /* PCConfettiView.swift */; };
		07DADFB92036DBEA002A6088 /* PCStackView.swift in Sources */ = {isa = PBXBuildFile; fileRef = 07DADFA92036DBE9002A6088 /* PCStackView.swift */; };
		07E23DEC203D717400292303 /* PCAppVersionLabel.swift in Sources */ = {isa = PBXBuildFile; fileRef = 07E23DEB203D717400292303 /* PCAppVersionLabel.swift */; };
		07E23DF0203D7D2F00292303 /* PCRoundedImageView.swift in Sources */ = {isa = PBXBuildFile; fileRef = 07E23DEF203D7D2F00292303 /* PCRoundedImageView.swift */; };
		07E23DFE203D8A7F00292303 /* PCColor.swift in Sources */ = {isa = PBXBuildFile; fileRef = 07E23DFD203D8A7F00292303 /* PCColor.swift */; };
		07E23E00203D8D0100292303 /* PCFont.swift in Sources */ = {isa = PBXBuildFile; fileRef = 07E23DFF203D8D0100292303 /* PCFont.swift */; };
		07EE01A0203A9C3300B26C25 /* PCTextFieldTests.swift in Sources */ = {isa = PBXBuildFile; fileRef = 07EE019E203A9C1500B26C25 /* PCTextFieldTests.swift */; };
		10BECFC5A4C6CA13C783D623 /* Pods_PieCrust.framework in Frameworks */ = {isa = PBXBuildFile; fileRef = 12A24FF575DD603DF0641541 /* Pods_PieCrust.framework */; };
		9CABBA96D3664D76A93E5EEF /* Pods_PieCrustTests.framework in Frameworks */ = {isa = PBXBuildFile; fileRef = BBB90DEA029ADF1603D9AA19 /* Pods_PieCrustTests.framework */; };
/* End PBXBuildFile section */

/* Begin PBXContainerItemProxy section */
		0795087E2036FF5D003EA142 /* PBXContainerItemProxy */ = {
			isa = PBXContainerItemProxy;
			containerPortal = 0701FE2E202830C90055AC19 /* Project object */;
			proxyType = 1;
			remoteGlobalIDString = 0701FE36202830C90055AC19;
			remoteInfo = PieCrust;
		};
/* End PBXContainerItemProxy section */

/* Begin PBXFileReference section */
		0701FE37202830C90055AC19 /* PieCrust.framework */ = {isa = PBXFileReference; explicitFileType = wrapper.framework; includeInIndex = 0; path = PieCrust.framework; sourceTree = BUILT_PRODUCTS_DIR; };
		0701FE3A202830C90055AC19 /* PieCrust.h */ = {isa = PBXFileReference; lastKnownFileType = sourcecode.c.h; path = PieCrust.h; sourceTree = "<group>"; };
		0701FE3B202830C90055AC19 /* Info.plist */ = {isa = PBXFileReference; lastKnownFileType = text.plist.xml; path = Info.plist; sourceTree = "<group>"; };
		0711C5B1202C6CA0008BF833 /* PCNavigationController.swift */ = {isa = PBXFileReference; fileEncoding = 4; lastKnownFileType = sourcecode.swift; path = PCNavigationController.swift; sourceTree = "<group>"; };
		0711C5B2202C6CA0008BF833 /* PCTabBarController.swift */ = {isa = PBXFileReference; fileEncoding = 4; lastKnownFileType = sourcecode.swift; path = PCTabBarController.swift; sourceTree = "<group>"; };
		0711C5B4202C6CA0008BF833 /* PCGenericTableController.swift */ = {isa = PBXFileReference; fileEncoding = 4; lastKnownFileType = sourcecode.swift; path = PCGenericTableController.swift; sourceTree = "<group>"; };
		0711C5B5202C6CA0008BF833 /* PCTableViewController.swift */ = {isa = PBXFileReference; fileEncoding = 4; lastKnownFileType = sourcecode.swift; path = PCTableViewController.swift; sourceTree = "<group>"; };
		0711C5B6202C6CA0008BF833 /* PCViewController.swift */ = {isa = PBXFileReference; fileEncoding = 4; lastKnownFileType = sourcecode.swift; path = PCViewController.swift; sourceTree = "<group>"; };
		0711C5B7202C6CA0008BF833 /* PCWebViewController.swift */ = {isa = PBXFileReference; fileEncoding = 4; lastKnownFileType = sourcecode.swift; path = PCWebViewController.swift; sourceTree = "<group>"; };
		0711C5B9202C6CA0008BF833 /* PCAlertable.swift */ = {isa = PBXFileReference; fileEncoding = 4; lastKnownFileType = sourcecode.swift; path = PCAlertable.swift; sourceTree = "<group>"; };
		0711C5BA202C6CA0008BF833 /* PCAnimatable.swift */ = {isa = PBXFileReference; fileEncoding = 4; lastKnownFileType = sourcecode.swift; path = PCAnimatable.swift; sourceTree = "<group>"; };
		0711C5BB202C6CA0008BF833 /* PCBorderable.swift */ = {isa = PBXFileReference; fileEncoding = 4; lastKnownFileType = sourcecode.swift; path = PCBorderable.swift; sourceTree = "<group>"; };
		0711C5BC202C6CA0008BF833 /* PCConfettiable.swift */ = {isa = PBXFileReference; fileEncoding = 4; lastKnownFileType = sourcecode.swift; path = PCConfettiable.swift; sourceTree = "<group>"; };
		0711C5BD202C6CA0008BF833 /* PCShadowable.swift */ = {isa = PBXFileReference; fileEncoding = 4; lastKnownFileType = sourcecode.swift; path = PCShadowable.swift; sourceTree = "<group>"; };
		0711C5BF202C6CA0008BF833 /* InternalExtensions.swift */ = {isa = PBXFileReference; fileEncoding = 4; lastKnownFileType = sourcecode.swift; path = InternalExtensions.swift; sourceTree = "<group>"; };
		0711C5C0202C6CA0008BF833 /* PublicExtensions.swift */ = {isa = PBXFileReference; fileEncoding = 4; lastKnownFileType = sourcecode.swift; path = PublicExtensions.swift; sourceTree = "<group>"; };
		072AE05C2028506B00D8DDAD /* PieCrustAssets.bundle */ = {isa = PBXFileReference; lastKnownFileType = "wrapper.plug-in"; path = PieCrustAssets.bundle; sourceTree = "<group>"; };
		074EDDD52037309D00343889 /* PCLabelTests.swift */ = {isa = PBXFileReference; lastKnownFileType = sourcecode.swift; path = PCLabelTests.swift; sourceTree = "<group>"; };
		0755B1D4203EC2BD0086C9EF /* PCVisualEffectView.swift */ = {isa = PBXFileReference; fileEncoding = 4; lastKnownFileType = sourcecode.swift; path = PCVisualEffectView.swift; sourceTree = "<group>"; };
		0755B1D6203EC7250086C9EF /* PCPillButton.swift */ = {isa = PBXFileReference; lastKnownFileType = sourcecode.swift; path = PCPillButton.swift; sourceTree = "<group>"; };
		0755B1E2203EDCEE0086C9EF /* PCPillTextField.swift */ = {isa = PBXFileReference; lastKnownFileType = sourcecode.swift; path = PCPillTextField.swift; sourceTree = "<group>"; };
		079508782036FF5D003EA142 /* PieCrustTests.xctest */ = {isa = PBXFileReference; explicitFileType = wrapper.cfbundle; includeInIndex = 0; path = PieCrustTests.xctest; sourceTree = BUILT_PRODUCTS_DIR; };
		0795087C2036FF5D003EA142 /* Info.plist */ = {isa = PBXFileReference; lastKnownFileType = text.plist.xml; path = Info.plist; sourceTree = "<group>"; };
		079F8F6B202DE4C100599D22 /* PCCollectionViewController.swift */ = {isa = PBXFileReference; lastKnownFileType = sourcecode.swift; path = PCCollectionViewController.swift; sourceTree = "<group>"; };
		079F8F6D202DE4E900599D22 /* PCGenericCollectionViewController.swift */ = {isa = PBXFileReference; lastKnownFileType = sourcecode.swift; path = PCGenericCollectionViewController.swift; sourceTree = "<group>"; };
		07DADF942036DBE9002A6088 /* PCButton.swift */ = {isa = PBXFileReference; fileEncoding = 4; lastKnownFileType = sourcecode.swift; path = PCButton.swift; sourceTree = "<group>"; };
		07DADF952036DBE9002A6088 /* PCBarButtonItem.swift */ = {isa = PBXFileReference; fileEncoding = 4; lastKnownFileType = sourcecode.swift; path = PCBarButtonItem.swift; sourceTree = "<group>"; };
		07DADF962036DBE9002A6088 /* PCLoadingButton.swift */ = {isa = PBXFileReference; fileEncoding = 4; lastKnownFileType = sourcecode.swift; path = PCLoadingButton.swift; sourceTree = "<group>"; };
		07DADF972036DBE9002A6088 /* PCSwitch.swift */ = {isa = PBXFileReference; fileEncoding = 4; lastKnownFileType = sourcecode.swift; path = PCSwitch.swift; sourceTree = "<group>"; };
		07DADF982036DBE9002A6088 /* PCSegmentedControl.swift */ = {isa = PBXFileReference; fileEncoding = 4; lastKnownFileType = sourcecode.swift; path = PCSegmentedControl.swift; sourceTree = "<group>"; };
		07DADF9B2036DBE9002A6088 /* PCTextField.swift */ = {isa = PBXFileReference; fileEncoding = 4; lastKnownFileType = sourcecode.swift; path = PCTextField.swift; sourceTree = "<group>"; };
		07DADF9D2036DBE9002A6088 /* PCTableViewCell.swift */ = {isa = PBXFileReference; fileEncoding = 4; lastKnownFileType = sourcecode.swift; path = PCTableViewCell.swift; sourceTree = "<group>"; };
		07DADF9E2036DBE9002A6088 /* PCGenericTableViewCell.swift */ = {isa = PBXFileReference; fileEncoding = 4; lastKnownFileType = sourcecode.swift; path = PCGenericTableViewCell.swift; sourceTree = "<group>"; };
		07DADFA02036DBE9002A6088 /* PCLabel.swift */ = {isa = PBXFileReference; fileEncoding = 4; lastKnownFileType = sourcecode.swift; path = PCLabel.swift; sourceTree = "<group>"; };
		07DADFA22036DBE9002A6088 /* PCCollectionViewCell.swift */ = {isa = PBXFileReference; fileEncoding = 4; lastKnownFileType = sourcecode.swift; path = PCCollectionViewCell.swift; sourceTree = "<group>"; };
		07DADFA32036DBE9002A6088 /* PCGenericCollectionViewCell.swift */ = {isa = PBXFileReference; fileEncoding = 4; lastKnownFileType = sourcecode.swift; path = PCGenericCollectionViewCell.swift; sourceTree = "<group>"; };
		07DADFA42036DBE9002A6088 /* PCActivityIndicatorView.swift */ = {isa = PBXFileReference; fileEncoding = 4; lastKnownFileType = sourcecode.swift; path = PCActivityIndicatorView.swift; sourceTree = "<group>"; };
		07DADFA62036DBE9002A6088 /* PCView.swift */ = {isa = PBXFileReference; fileEncoding = 4; lastKnownFileType = sourcecode.swift; path = PCView.swift; sourceTree = "<group>"; };
		07DADFA72036DBE9002A6088 /* PCImageView.swift */ = {isa = PBXFileReference; fileEncoding = 4; lastKnownFileType = sourcecode.swift; path = PCImageView.swift; sourceTree = "<group>"; };
		07DADFA82036DBE9002A6088 /* PCConfettiView.swift */ = {isa = PBXFileReference; fileEncoding = 4; lastKnownFileType = sourcecode.swift; path = PCConfettiView.swift; sourceTree = "<group>"; };
		07DADFA92036DBE9002A6088 /* PCStackView.swift */ = {isa = PBXFileReference; fileEncoding = 4; lastKnownFileType = sourcecode.swift; path = PCStackView.swift; sourceTree = "<group>"; };
		07E23DEB203D717400292303 /* PCAppVersionLabel.swift */ = {isa = PBXFileReference; lastKnownFileType = sourcecode.swift; path = PCAppVersionLabel.swift; sourceTree = "<group>"; };
		07E23DEF203D7D2F00292303 /* PCRoundedImageView.swift */ = {isa = PBXFileReference; fileEncoding = 4; lastKnownFileType = sourcecode.swift; path = PCRoundedImageView.swift; sourceTree = "<group>"; };
		07E23DFD203D8A7F00292303 /* PCColor.swift */ = {isa = PBXFileReference; fileEncoding = 4; lastKnownFileType = sourcecode.swift; path = PCColor.swift; sourceTree = "<group>"; };
		07E23DFF203D8D0100292303 /* PCFont.swift */ = {isa = PBXFileReference; lastKnownFileType = sourcecode.swift; path = PCFont.swift; sourceTree = "<group>"; };
		07EE019E203A9C1500B26C25 /* PCTextFieldTests.swift */ = {isa = PBXFileReference; lastKnownFileType = sourcecode.swift; path = PCTextFieldTests.swift; sourceTree = "<group>"; };
		12A24FF575DD603DF0641541 /* Pods_PieCrust.framework */ = {isa = PBXFileReference; explicitFileType = wrapper.framework; includeInIndex = 0; path = Pods_PieCrust.framework; sourceTree = BUILT_PRODUCTS_DIR; };
		25CBBC1DC7D2FD0A302F9602 /* Pods-PieCrust.release.xcconfig */ = {isa = PBXFileReference; includeInIndex = 1; lastKnownFileType = text.xcconfig; name = "Pods-PieCrust.release.xcconfig"; path = "Pods/Target Support Files/Pods-PieCrust/Pods-PieCrust.release.xcconfig"; sourceTree = "<group>"; };
		3E29A3584D79B23F9A56D03F /* Pods-PieCrust.debug.xcconfig */ = {isa = PBXFileReference; includeInIndex = 1; lastKnownFileType = text.xcconfig; name = "Pods-PieCrust.debug.xcconfig"; path = "Pods/Target Support Files/Pods-PieCrust/Pods-PieCrust.debug.xcconfig"; sourceTree = "<group>"; };
		BBB90DEA029ADF1603D9AA19 /* Pods_PieCrustTests.framework */ = {isa = PBXFileReference; explicitFileType = wrapper.framework; includeInIndex = 0; path = Pods_PieCrustTests.framework; sourceTree = BUILT_PRODUCTS_DIR; };
		CBBE8D9167CE34F1DC69FF1A /* Pods-PieCrustTests.release.xcconfig */ = {isa = PBXFileReference; includeInIndex = 1; lastKnownFileType = text.xcconfig; name = "Pods-PieCrustTests.release.xcconfig"; path = "Pods/Target Support Files/Pods-PieCrustTests/Pods-PieCrustTests.release.xcconfig"; sourceTree = "<group>"; };
		F2F4630D8073FA1DEE419AC4 /* Pods-PieCrustTests.debug.xcconfig */ = {isa = PBXFileReference; includeInIndex = 1; lastKnownFileType = text.xcconfig; name = "Pods-PieCrustTests.debug.xcconfig"; path = "Pods/Target Support Files/Pods-PieCrustTests/Pods-PieCrustTests.debug.xcconfig"; sourceTree = "<group>"; };
/* End PBXFileReference section */

/* Begin PBXFrameworksBuildPhase section */
		0701FE33202830C90055AC19 /* Frameworks */ = {
			isa = PBXFrameworksBuildPhase;
			buildActionMask = 2147483647;
			files = (
				10BECFC5A4C6CA13C783D623 /* Pods_PieCrust.framework in Frameworks */,
			);
			runOnlyForDeploymentPostprocessing = 0;
		};
		079508752036FF5D003EA142 /* Frameworks */ = {
			isa = PBXFrameworksBuildPhase;
			buildActionMask = 2147483647;
			files = (
				0795087D2036FF5D003EA142 /* PieCrust.framework in Frameworks */,
				9CABBA96D3664D76A93E5EEF /* Pods_PieCrustTests.framework in Frameworks */,
			);
			runOnlyForDeploymentPostprocessing = 0;
		};
/* End PBXFrameworksBuildPhase section */

/* Begin PBXGroup section */
		0701FE2D202830C90055AC19 = {
			isa = PBXGroup;
			children = (
				07A486ED2028368A0028148C /* Sources */,
				079508792036FF5D003EA142 /* Tests */,
				0701FE38202830C90055AC19 /* Products */,
				6BC224016352FA0A4E178310 /* Pods */,
				23E40FE59AC690FA33604311 /* Frameworks */,
			);
			sourceTree = "<group>";
		};
		0701FE38202830C90055AC19 /* Products */ = {
			isa = PBXGroup;
			children = (
				0701FE37202830C90055AC19 /* PieCrust.framework */,
				079508782036FF5D003EA142 /* PieCrustTests.xctest */,
			);
			name = Products;
			sourceTree = "<group>";
		};
		0711C5B0202C6CA0008BF833 /* Controllers */ = {
			isa = PBXGroup;
			children = (
				0711C5B1202C6CA0008BF833 /* PCNavigationController.swift */,
				0711C5B2202C6CA0008BF833 /* PCTabBarController.swift */,
				0711C5B6202C6CA0008BF833 /* PCViewController.swift */,
				0711C5B3202C6CA0008BF833 /* TableViewController */,
				079F8F6F202DE4FB00599D22 /* CollectionViewController */,
				0711C5B7202C6CA0008BF833 /* PCWebViewController.swift */,
			);
			path = Controllers;
			sourceTree = "<group>";
		};
		0711C5B3202C6CA0008BF833 /* TableViewController */ = {
			isa = PBXGroup;
			children = (
				0711C5B5202C6CA0008BF833 /* PCTableViewController.swift */,
				0711C5B4202C6CA0008BF833 /* PCGenericTableController.swift */,
			);
			path = TableViewController;
			sourceTree = "<group>";
		};
		0711C5B8202C6CA0008BF833 /* Protocols */ = {
			isa = PBXGroup;
			children = (
				0711C5B9202C6CA0008BF833 /* PCAlertable.swift */,
				0711C5BA202C6CA0008BF833 /* PCAnimatable.swift */,
				0711C5BB202C6CA0008BF833 /* PCBorderable.swift */,
				0711C5BC202C6CA0008BF833 /* PCConfettiable.swift */,
				0711C5BD202C6CA0008BF833 /* PCShadowable.swift */,
			);
			path = Protocols;
			sourceTree = "<group>";
		};
		0711C5BE202C6CA0008BF833 /* Extensions */ = {
			isa = PBXGroup;
			children = (
				0711C5BF202C6CA0008BF833 /* InternalExtensions.swift */,
				0711C5C0202C6CA0008BF833 /* PublicExtensions.swift */,
			);
			path = Extensions;
			sourceTree = "<group>";
		};
		072AE05B2028506B00D8DDAD /* Assets */ = {
			isa = PBXGroup;
			children = (
				072AE05C2028506B00D8DDAD /* PieCrustAssets.bundle */,
			);
			path = Assets;
			sourceTree = SOURCE_ROOT;
		};
		074EDDD72037421600343889 /* Labels */ = {
			isa = PBXGroup;
			children = (
				074EDDD52037309D00343889 /* PCLabelTests.swift */,
			);
			path = Labels;
			sourceTree = "<group>";
		};
		074EDDD82037422000343889 /* Views */ = {
			isa = PBXGroup;
			children = (
				074EDDD72037421600343889 /* Labels */,
			);
			path = Views;
			sourceTree = "<group>";
		};
		079508792036FF5D003EA142 /* Tests */ = {
			isa = PBXGroup;
			children = (
				07B5706D203AECCF002960D4 /* Controls */,
				0795087C2036FF5D003EA142 /* Info.plist */,
				074EDDD82037422000343889 /* Views */,
			);
			path = Tests;
			sourceTree = "<group>";
		};
		079F8F6F202DE4FB00599D22 /* CollectionViewController */ = {
			isa = PBXGroup;
			children = (
				079F8F6B202DE4C100599D22 /* PCCollectionViewController.swift */,
				079F8F6D202DE4E900599D22 /* PCGenericCollectionViewController.swift */,
			);
			path = CollectionViewController;
			sourceTree = "<group>";
		};
		07A486ED2028368A0028148C /* Sources */ = {
			isa = PBXGroup;
			children = (
				07E23DFC203D8A7F00292303 /* Common */,
				0711C5B0202C6CA0008BF833 /* Controllers */,
				07DADF922036DBE9002A6088 /* Controls */,
				07DADF992036DBE9002A6088 /* Views */,
				0711C5BE202C6CA0008BF833 /* Extensions */,
				0711C5B8202C6CA0008BF833 /* Protocols */,
				072AE05B2028506B00D8DDAD /* Assets */,
				0701FE3A202830C90055AC19 /* PieCrust.h */,
				0701FE3B202830C90055AC19 /* Info.plist */,
			);
			path = Sources;
			sourceTree = SOURCE_ROOT;
		};
		07B5706D203AECCF002960D4 /* Controls */ = {
			isa = PBXGroup;
			children = (
				07EE019D203A9BD500B26C25 /* TextFields */,
			);
			path = Controls;
			sourceTree = "<group>";
		};
		07DADF922036DBE9002A6088 /* Controls */ = {
			isa = PBXGroup;
			children = (
				07DADF932036DBE9002A6088 /* Buttons */,
				07DADF9A2036DBE9002A6088 /* TextFields */,
				07DADF972036DBE9002A6088 /* PCSwitch.swift */,
				07DADF982036DBE9002A6088 /* PCSegmentedControl.swift */,
			);
			path = Controls;
			sourceTree = "<group>";
		};
		07DADF932036DBE9002A6088 /* Buttons */ = {
			isa = PBXGroup;
			children = (
				07DADF942036DBE9002A6088 /* PCButton.swift */,
				0755B1D6203EC7250086C9EF /* PCPillButton.swift */,
				07DADF952036DBE9002A6088 /* PCBarButtonItem.swift */,
				07DADF962036DBE9002A6088 /* PCLoadingButton.swift */,
			);
			path = Buttons;
			sourceTree = "<group>";
		};
		07DADF992036DBE9002A6088 /* Views */ = {
			isa = PBXGroup;
			children = (
				07DADF9C2036DBE9002A6088 /* TableViewCells */,
				07DADF9F2036DBE9002A6088 /* Labels */,
				07DADFA12036DBE9002A6088 /* CollectionViewCells */,
				07DADFA42036DBE9002A6088 /* PCActivityIndicatorView.swift */,
				07E23DF1203D7D3600292303 /* ImageViews */,
				07DADFA52036DBE9002A6088 /* Views */,
			);
			path = Views;
			sourceTree = "<group>";
		};
		07DADF9A2036DBE9002A6088 /* TextFields */ = {
			isa = PBXGroup;
			children = (
				07DADF9B2036DBE9002A6088 /* PCTextField.swift */,
				0755B1E2203EDCEE0086C9EF /* PCPillTextField.swift */,
			);
			path = TextFields;
			sourceTree = "<group>";
		};
		07DADF9C2036DBE9002A6088 /* TableViewCells */ = {
			isa = PBXGroup;
			children = (
				07DADF9D2036DBE9002A6088 /* PCTableViewCell.swift */,
				07DADF9E2036DBE9002A6088 /* PCGenericTableViewCell.swift */,
			);
			path = TableViewCells;
			sourceTree = "<group>";
		};
		07DADF9F2036DBE9002A6088 /* Labels */ = {
			isa = PBXGroup;
			children = (
				07DADFA02036DBE9002A6088 /* PCLabel.swift */,
				07E23DEB203D717400292303 /* PCAppVersionLabel.swift */,
			);
			path = Labels;
			sourceTree = "<group>";
		};
		07DADFA12036DBE9002A6088 /* CollectionViewCells */ = {
			isa = PBXGroup;
			children = (
				07DADFA22036DBE9002A6088 /* PCCollectionViewCell.swift */,
				07DADFA32036DBE9002A6088 /* PCGenericCollectionViewCell.swift */,
			);
			path = CollectionViewCells;
			sourceTree = "<group>";
		};
		07DADFA52036DBE9002A6088 /* Views */ = {
			isa = PBXGroup;
			children = (
				07DADFA62036DBE9002A6088 /* PCView.swift */,
				0755B1D4203EC2BD0086C9EF /* PCVisualEffectView.swift */,
				07DADFA82036DBE9002A6088 /* PCConfettiView.swift */,
				07DADFA92036DBE9002A6088 /* PCStackView.swift */,
			);
			path = Views;
			sourceTree = "<group>";
		};
		07E23DF1203D7D3600292303 /* ImageViews */ = {
			isa = PBXGroup;
			children = (
				07DADFA72036DBE9002A6088 /* PCImageView.swift */,
				07E23DEF203D7D2F00292303 /* PCRoundedImageView.swift */,
			);
			path = ImageViews;
			sourceTree = "<group>";
		};
		07E23DFC203D8A7F00292303 /* Common */ = {
			isa = PBXGroup;
			children = (
				07E23DFD203D8A7F00292303 /* PCColor.swift */,
				07E23DFF203D8D0100292303 /* PCFont.swift */,
			);
			path = Common;
			sourceTree = "<group>";
		};
		07EE019D203A9BD500B26C25 /* TextFields */ = {
			isa = PBXGroup;
			children = (
				07EE019E203A9C1500B26C25 /* PCTextFieldTests.swift */,
			);
			path = TextFields;
			sourceTree = "<group>";
		};
		23E40FE59AC690FA33604311 /* Frameworks */ = {
			isa = PBXGroup;
			children = (
				12A24FF575DD603DF0641541 /* Pods_PieCrust.framework */,
				BBB90DEA029ADF1603D9AA19 /* Pods_PieCrustTests.framework */,
			);
			name = Frameworks;
			sourceTree = "<group>";
		};
		6BC224016352FA0A4E178310 /* Pods */ = {
			isa = PBXGroup;
			children = (
				3E29A3584D79B23F9A56D03F /* Pods-PieCrust.debug.xcconfig */,
				25CBBC1DC7D2FD0A302F9602 /* Pods-PieCrust.release.xcconfig */,
				F2F4630D8073FA1DEE419AC4 /* Pods-PieCrustTests.debug.xcconfig */,
				CBBE8D9167CE34F1DC69FF1A /* Pods-PieCrustTests.release.xcconfig */,
			);
			name = Pods;
			sourceTree = "<group>";
		};
/* End PBXGroup section */

/* Begin PBXHeadersBuildPhase section */
		0701FE34202830C90055AC19 /* Headers */ = {
			isa = PBXHeadersBuildPhase;
			buildActionMask = 2147483647;
			files = (
				0701FE3C202830C90055AC19 /* PieCrust.h in Headers */,
			);
			runOnlyForDeploymentPostprocessing = 0;
		};
/* End PBXHeadersBuildPhase section */

/* Begin PBXNativeTarget section */
		0701FE36202830C90055AC19 /* PieCrust */ = {
			isa = PBXNativeTarget;
			buildConfigurationList = 0701FE3F202830C90055AC19 /* Build configuration list for PBXNativeTarget "PieCrust" */;
			buildPhases = (
				A2D184603B7F25B73ADA0E14 /* [CP] Check Pods Manifest.lock */,
				0701FE32202830C90055AC19 /* Sources */,
				0701FE33202830C90055AC19 /* Frameworks */,
				0701FE34202830C90055AC19 /* Headers */,
				0701FE35202830C90055AC19 /* Resources */,
				B1073115025D9A5B9C4AEC39 /* [CP] Copy Pods Resources */,
				079E2CCF20371F1C00FCFF63 /* ShellScript */,
			);
			buildRules = (
			);
			dependencies = (
			);
			name = PieCrust;
			productName = iOSAppSkeleton;
			productReference = 0701FE37202830C90055AC19 /* PieCrust.framework */;
			productType = "com.apple.product-type.framework";
		};
		079508772036FF5D003EA142 /* PieCrustTests */ = {
			isa = PBXNativeTarget;
			buildConfigurationList = 079508822036FF5D003EA142 /* Build configuration list for PBXNativeTarget "PieCrustTests" */;
			buildPhases = (
				11DDBF76ADA80655A4BBD928 /* [CP] Check Pods Manifest.lock */,
				079508742036FF5D003EA142 /* Sources */,
				079508752036FF5D003EA142 /* Frameworks */,
				079508762036FF5D003EA142 /* Resources */,
				BA9CA720C7822C11B5FC996F /* [CP] Embed Pods Frameworks */,
				7DCA98015FA45DE983FF648B /* [CP] Copy Pods Resources */,
			);
			buildRules = (
			);
			dependencies = (
				0795087F2036FF5D003EA142 /* PBXTargetDependency */,
			);
			name = PieCrustTests;
			productName = PieCrustTests;
			productReference = 079508782036FF5D003EA142 /* PieCrustTests.xctest */;
			productType = "com.apple.product-type.bundle.unit-test";
		};
/* End PBXNativeTarget section */

/* Begin PBXProject section */
		0701FE2E202830C90055AC19 /* Project object */ = {
			isa = PBXProject;
			attributes = {
				LastSwiftUpdateCheck = 0920;
				LastUpgradeCheck = 0920;
				ORGANIZATIONNAME = Mobilion;
				TargetAttributes = {
					0701FE36202830C90055AC19 = {
						CreatedOnToolsVersion = 9.2;
						LastSwiftMigration = 0920;
						ProvisioningStyle = Automatic;
					};
					079508772036FF5D003EA142 = {
						CreatedOnToolsVersion = 9.2;
						ProvisioningStyle = Automatic;
					};
				};
			};
			buildConfigurationList = 0701FE31202830C90055AC19 /* Build configuration list for PBXProject "PieCrust" */;
			compatibilityVersion = "Xcode 8.0";
			developmentRegion = en;
			hasScannedForEncodings = 0;
			knownRegions = (
				en,
			);
			mainGroup = 0701FE2D202830C90055AC19;
			productRefGroup = 0701FE38202830C90055AC19 /* Products */;
			projectDirPath = "";
			projectRoot = "";
			targets = (
				0701FE36202830C90055AC19 /* PieCrust */,
				079508772036FF5D003EA142 /* PieCrustTests */,
			);
		};
/* End PBXProject section */

/* Begin PBXResourcesBuildPhase section */
		0701FE35202830C90055AC19 /* Resources */ = {
			isa = PBXResourcesBuildPhase;
			buildActionMask = 2147483647;
			files = (
				072AE05D2028506B00D8DDAD /* PieCrustAssets.bundle in Resources */,
			);
			runOnlyForDeploymentPostprocessing = 0;
		};
		079508762036FF5D003EA142 /* Resources */ = {
			isa = PBXResourcesBuildPhase;
			buildActionMask = 2147483647;
			files = (
			);
			runOnlyForDeploymentPostprocessing = 0;
		};
/* End PBXResourcesBuildPhase section */

/* Begin PBXShellScriptBuildPhase section */
		079E2CCF20371F1C00FCFF63 /* ShellScript */ = {
			isa = PBXShellScriptBuildPhase;
			buildActionMask = 2147483647;
			files = (
			);
			inputPaths = (
			);
			outputPaths = (
			);
			runOnlyForDeploymentPostprocessing = 0;
			shellPath = /bin/sh;
			shellScript = "if which swiftlint >/dev/null; then\nswiftlint\nelse\necho \"warning: SwiftLint not installed, download from https://github.com/realm/SwiftLint\"\nfi";
		};
		11DDBF76ADA80655A4BBD928 /* [CP] Check Pods Manifest.lock */ = {
			isa = PBXShellScriptBuildPhase;
			buildActionMask = 2147483647;
			files = (
			);
			inputPaths = (
				"${PODS_PODFILE_DIR_PATH}/Podfile.lock",
				"${PODS_ROOT}/Manifest.lock",
			);
			name = "[CP] Check Pods Manifest.lock";
			outputPaths = (
				"$(DERIVED_FILE_DIR)/Pods-PieCrustTests-checkManifestLockResult.txt",
			);
			runOnlyForDeploymentPostprocessing = 0;
			shellPath = /bin/sh;
			shellScript = "diff \"${PODS_PODFILE_DIR_PATH}/Podfile.lock\" \"${PODS_ROOT}/Manifest.lock\" > /dev/null\nif [ $? != 0 ] ; then\n    # print error to STDERR\n    echo \"error: The sandbox is not in sync with the Podfile.lock. Run 'pod install' or update your CocoaPods installation.\" >&2\n    exit 1\nfi\n# This output is used by Xcode 'outputs' to avoid re-running this script phase.\necho \"SUCCESS\" > \"${SCRIPT_OUTPUT_FILE_0}\"\n";
			showEnvVarsInLog = 0;
		};
		7DCA98015FA45DE983FF648B /* [CP] Copy Pods Resources */ = {
			isa = PBXShellScriptBuildPhase;
			buildActionMask = 2147483647;
			files = (
			);
			inputPaths = (
			);
			name = "[CP] Copy Pods Resources";
			outputPaths = (
			);
			runOnlyForDeploymentPostprocessing = 0;
			shellPath = /bin/sh;
			shellScript = "\"${SRCROOT}/Pods/Target Support Files/Pods-PieCrustTests/Pods-PieCrustTests-resources.sh\"\n";
			showEnvVarsInLog = 0;
		};
		A2D184603B7F25B73ADA0E14 /* [CP] Check Pods Manifest.lock */ = {
			isa = PBXShellScriptBuildPhase;
			buildActionMask = 2147483647;
			files = (
			);
			inputPaths = (
				"${PODS_PODFILE_DIR_PATH}/Podfile.lock",
				"${PODS_ROOT}/Manifest.lock",
			);
			name = "[CP] Check Pods Manifest.lock";
			outputPaths = (
				"$(DERIVED_FILE_DIR)/Pods-PieCrust-checkManifestLockResult.txt",
			);
			runOnlyForDeploymentPostprocessing = 0;
			shellPath = /bin/sh;
			shellScript = "diff \"${PODS_PODFILE_DIR_PATH}/Podfile.lock\" \"${PODS_ROOT}/Manifest.lock\" > /dev/null\nif [ $? != 0 ] ; then\n    # print error to STDERR\n    echo \"error: The sandbox is not in sync with the Podfile.lock. Run 'pod install' or update your CocoaPods installation.\" >&2\n    exit 1\nfi\n# This output is used by Xcode 'outputs' to avoid re-running this script phase.\necho \"SUCCESS\" > \"${SCRIPT_OUTPUT_FILE_0}\"\n";
			showEnvVarsInLog = 0;
		};
		B1073115025D9A5B9C4AEC39 /* [CP] Copy Pods Resources */ = {
			isa = PBXShellScriptBuildPhase;
			buildActionMask = 2147483647;
			files = (
			);
			inputPaths = (
			);
			name = "[CP] Copy Pods Resources";
			outputPaths = (
			);
			runOnlyForDeploymentPostprocessing = 0;
			shellPath = /bin/sh;
			shellScript = "\"${SRCROOT}/Pods/Target Support Files/Pods-PieCrust/Pods-PieCrust-resources.sh\"\n";
			showEnvVarsInLog = 0;
		};
		BA9CA720C7822C11B5FC996F /* [CP] Embed Pods Frameworks */ = {
			isa = PBXShellScriptBuildPhase;
			buildActionMask = 2147483647;
			files = (
			);
			inputPaths = (
				"${SRCROOT}/Pods/Target Support Files/Pods-PieCrustTests/Pods-PieCrustTests-frameworks.sh",
				"${BUILT_PRODUCTS_DIR}/SnapKit/SnapKit.framework",
			);
			name = "[CP] Embed Pods Frameworks";
			outputPaths = (
				"${TARGET_BUILD_DIR}/${FRAMEWORKS_FOLDER_PATH}/SnapKit.framework",
			);
			runOnlyForDeploymentPostprocessing = 0;
			shellPath = /bin/sh;
			shellScript = "\"${SRCROOT}/Pods/Target Support Files/Pods-PieCrustTests/Pods-PieCrustTests-frameworks.sh\"\n";
			showEnvVarsInLog = 0;
		};
/* End PBXShellScriptBuildPhase section */

/* Begin PBXSourcesBuildPhase section */
		0701FE32202830C90055AC19 /* Sources */ = {
			isa = PBXSourcesBuildPhase;
			buildActionMask = 2147483647;
			files = (
				07DADFB12036DBEA002A6088 /* PCGenericTableViewCell.swift in Sources */,
				0711C5E0202C6CA0008BF833 /* PublicExtensions.swift in Sources */,
				07DADFB72036DBEA002A6088 /* PCImageView.swift in Sources */,
				0711C5D8202C6CA0008BF833 /* PCViewController.swift in Sources */,
				07DADFAB2036DBE9002A6088 /* PCBarButtonItem.swift in Sources */,
				0755B1E3203EDCEE0086C9EF /* PCPillTextField.swift in Sources */,
				07DADFAE2036DBE9002A6088 /* PCSegmentedControl.swift in Sources */,
				07DADFB62036DBEA002A6088 /* PCView.swift in Sources */,
				07E23E00203D8D0100292303 /* PCFont.swift in Sources */,
				07DADFAF2036DBE9002A6088 /* PCTextField.swift in Sources */,
				07DADFB32036DBEA002A6088 /* PCCollectionViewCell.swift in Sources */,
				0755B1D7203EC7250086C9EF /* PCPillButton.swift in Sources */,
				0711C5DB202C6CA0008BF833 /* PCAnimatable.swift in Sources */,
				07DADFB02036DBE9002A6088 /* PCTableViewCell.swift in Sources */,
				07DADFB52036DBEA002A6088 /* PCActivityIndicatorView.swift in Sources */,
				07E23DEC203D717400292303 /* PCAppVersionLabel.swift in Sources */,
				07E23DF0203D7D2F00292303 /* PCRoundedImageView.swift in Sources */,
				07E23DFE203D8A7F00292303 /* PCColor.swift in Sources */,
				07DADFB92036DBEA002A6088 /* PCStackView.swift in Sources */,
				0711C5DE202C6CA0008BF833 /* PCShadowable.swift in Sources */,
				07DADFB82036DBEA002A6088 /* PCConfettiView.swift in Sources */,
				0711C5DA202C6CA0008BF833 /* PCAlertable.swift in Sources */,
				0711C5DF202C6CA0008BF833 /* InternalExtensions.swift in Sources */,
				0711C5D9202C6CA0008BF833 /* PCWebViewController.swift in Sources */,
				0711C5D4202C6CA0008BF833 /* PCNavigationController.swift in Sources */,
				07DADFAC2036DBE9002A6088 /* PCLoadingButton.swift in Sources */,
				07DADFB42036DBEA002A6088 /* PCGenericCollectionViewCell.swift in Sources */,
				07DADFAA2036DBE9002A6088 /* PCButton.swift in Sources */,
				0711C5D6202C6CA0008BF833 /* PCGenericTableController.swift in Sources */,
				0711C5D5202C6CA0008BF833 /* PCTabBarController.swift in Sources */,
				0711C5DD202C6CA0008BF833 /* PCConfettiable.swift in Sources */,
				07DADFAD2036DBE9002A6088 /* PCSwitch.swift in Sources */,
				07DADFB22036DBEA002A6088 /* PCLabel.swift in Sources */,
				0711C5D7202C6CA0008BF833 /* PCTableViewController.swift in Sources */,
				079F8F6C202DE4C100599D22 /* PCCollectionViewController.swift in Sources */,
				0711C5DC202C6CA0008BF833 /* PCBorderable.swift in Sources */,
				0755B1D5203EC2BD0086C9EF /* PCVisualEffectView.swift in Sources */,
				079F8F6E202DE4E900599D22 /* PCGenericCollectionViewController.swift in Sources */,
			);
			runOnlyForDeploymentPostprocessing = 0;
		};
		079508742036FF5D003EA142 /* Sources */ = {
			isa = PBXSourcesBuildPhase;
			buildActionMask = 2147483647;
			files = (
				07EE01A0203A9C3300B26C25 /* PCTextFieldTests.swift in Sources */,
				074EDDD62037309D00343889 /* PCLabelTests.swift in Sources */,
			);
			runOnlyForDeploymentPostprocessing = 0;
		};
/* End PBXSourcesBuildPhase section */

/* Begin PBXTargetDependency section */
		0795087F2036FF5D003EA142 /* PBXTargetDependency */ = {
			isa = PBXTargetDependency;
			target = 0701FE36202830C90055AC19 /* PieCrust */;
			targetProxy = 0795087E2036FF5D003EA142 /* PBXContainerItemProxy */;
		};
/* End PBXTargetDependency section */

/* Begin XCBuildConfiguration section */
		0701FE3D202830C90055AC19 /* Debug */ = {
			isa = XCBuildConfiguration;
			buildSettings = {
				ALWAYS_SEARCH_USER_PATHS = NO;
				CLANG_ANALYZER_NONNULL = YES;
				CLANG_ANALYZER_NUMBER_OBJECT_CONVERSION = YES_AGGRESSIVE;
				CLANG_CXX_LANGUAGE_STANDARD = "gnu++14";
				CLANG_CXX_LIBRARY = "libc++";
				CLANG_ENABLE_MODULES = YES;
				CLANG_ENABLE_OBJC_ARC = YES;
				CLANG_WARN_BLOCK_CAPTURE_AUTORELEASING = YES;
				CLANG_WARN_BOOL_CONVERSION = YES;
				CLANG_WARN_COMMA = YES;
				CLANG_WARN_CONSTANT_CONVERSION = YES;
				CLANG_WARN_DIRECT_OBJC_ISA_USAGE = YES_ERROR;
				CLANG_WARN_DOCUMENTATION_COMMENTS = YES;
				CLANG_WARN_EMPTY_BODY = YES;
				CLANG_WARN_ENUM_CONVERSION = YES;
				CLANG_WARN_INFINITE_RECURSION = YES;
				CLANG_WARN_INT_CONVERSION = YES;
				CLANG_WARN_NON_LITERAL_NULL_CONVERSION = YES;
				CLANG_WARN_OBJC_LITERAL_CONVERSION = YES;
				CLANG_WARN_OBJC_ROOT_CLASS = YES_ERROR;
				CLANG_WARN_RANGE_LOOP_ANALYSIS = YES;
				CLANG_WARN_STRICT_PROTOTYPES = YES;
				CLANG_WARN_SUSPICIOUS_MOVE = YES;
				CLANG_WARN_UNGUARDED_AVAILABILITY = YES_AGGRESSIVE;
				CLANG_WARN_UNREACHABLE_CODE = YES;
				CLANG_WARN__DUPLICATE_METHOD_MATCH = YES;
				CODE_SIGN_IDENTITY = "iPhone Developer";
				COPY_PHASE_STRIP = NO;
				CURRENT_PROJECT_VERSION = 1;
				DEBUG_INFORMATION_FORMAT = dwarf;
				ENABLE_STRICT_OBJC_MSGSEND = YES;
				ENABLE_TESTABILITY = YES;
				GCC_C_LANGUAGE_STANDARD = gnu11;
				GCC_DYNAMIC_NO_PIC = NO;
				GCC_NO_COMMON_BLOCKS = YES;
				GCC_OPTIMIZATION_LEVEL = 0;
				GCC_PREPROCESSOR_DEFINITIONS = (
					"DEBUG=1",
					"$(inherited)",
				);
				GCC_WARN_64_TO_32_BIT_CONVERSION = YES;
				GCC_WARN_ABOUT_RETURN_TYPE = YES_ERROR;
				GCC_WARN_UNDECLARED_SELECTOR = YES;
				GCC_WARN_UNINITIALIZED_AUTOS = YES_AGGRESSIVE;
				GCC_WARN_UNUSED_FUNCTION = YES;
				GCC_WARN_UNUSED_VARIABLE = YES;
				IPHONEOS_DEPLOYMENT_TARGET = 9.0;
				MTL_ENABLE_DEBUG_INFO = YES;
				ONLY_ACTIVE_ARCH = YES;
				SDKROOT = iphoneos;
				SWIFT_ACTIVE_COMPILATION_CONDITIONS = DEBUG;
				SWIFT_OPTIMIZATION_LEVEL = "-Onone";
				VERSIONING_SYSTEM = "apple-generic";
				VERSION_INFO_PREFIX = "";
			};
			name = Debug;
		};
		0701FE3E202830C90055AC19 /* Release */ = {
			isa = XCBuildConfiguration;
			buildSettings = {
				ALWAYS_SEARCH_USER_PATHS = NO;
				CLANG_ANALYZER_NONNULL = YES;
				CLANG_ANALYZER_NUMBER_OBJECT_CONVERSION = YES_AGGRESSIVE;
				CLANG_CXX_LANGUAGE_STANDARD = "gnu++14";
				CLANG_CXX_LIBRARY = "libc++";
				CLANG_ENABLE_MODULES = YES;
				CLANG_ENABLE_OBJC_ARC = YES;
				CLANG_WARN_BLOCK_CAPTURE_AUTORELEASING = YES;
				CLANG_WARN_BOOL_CONVERSION = YES;
				CLANG_WARN_COMMA = YES;
				CLANG_WARN_CONSTANT_CONVERSION = YES;
				CLANG_WARN_DIRECT_OBJC_ISA_USAGE = YES_ERROR;
				CLANG_WARN_DOCUMENTATION_COMMENTS = YES;
				CLANG_WARN_EMPTY_BODY = YES;
				CLANG_WARN_ENUM_CONVERSION = YES;
				CLANG_WARN_INFINITE_RECURSION = YES;
				CLANG_WARN_INT_CONVERSION = YES;
				CLANG_WARN_NON_LITERAL_NULL_CONVERSION = YES;
				CLANG_WARN_OBJC_LITERAL_CONVERSION = YES;
				CLANG_WARN_OBJC_ROOT_CLASS = YES_ERROR;
				CLANG_WARN_RANGE_LOOP_ANALYSIS = YES;
				CLANG_WARN_STRICT_PROTOTYPES = YES;
				CLANG_WARN_SUSPICIOUS_MOVE = YES;
				CLANG_WARN_UNGUARDED_AVAILABILITY = YES_AGGRESSIVE;
				CLANG_WARN_UNREACHABLE_CODE = YES;
				CLANG_WARN__DUPLICATE_METHOD_MATCH = YES;
				CODE_SIGN_IDENTITY = "iPhone Developer";
				COPY_PHASE_STRIP = NO;
				CURRENT_PROJECT_VERSION = 1;
				DEBUG_INFORMATION_FORMAT = "dwarf-with-dsym";
				ENABLE_NS_ASSERTIONS = NO;
				ENABLE_STRICT_OBJC_MSGSEND = YES;
				GCC_C_LANGUAGE_STANDARD = gnu11;
				GCC_NO_COMMON_BLOCKS = YES;
				GCC_WARN_64_TO_32_BIT_CONVERSION = YES;
				GCC_WARN_ABOUT_RETURN_TYPE = YES_ERROR;
				GCC_WARN_UNDECLARED_SELECTOR = YES;
				GCC_WARN_UNINITIALIZED_AUTOS = YES_AGGRESSIVE;
				GCC_WARN_UNUSED_FUNCTION = YES;
				GCC_WARN_UNUSED_VARIABLE = YES;
				IPHONEOS_DEPLOYMENT_TARGET = 9.0;
				MTL_ENABLE_DEBUG_INFO = NO;
				SDKROOT = iphoneos;
				SWIFT_OPTIMIZATION_LEVEL = "-Owholemodule";
				VALIDATE_PRODUCT = YES;
				VERSIONING_SYSTEM = "apple-generic";
				VERSION_INFO_PREFIX = "";
			};
			name = Release;
		};
		0701FE40202830C90055AC19 /* Debug */ = {
			isa = XCBuildConfiguration;
			baseConfigurationReference = 3E29A3584D79B23F9A56D03F /* Pods-PieCrust.debug.xcconfig */;
			buildSettings = {
				CLANG_ENABLE_MODULES = YES;
				CODE_SIGN_IDENTITY = "";
				CODE_SIGN_STYLE = Automatic;
				DEFINES_MODULE = YES;
				DEVELOPMENT_TEAM = WK6AZMQTF3;
				DYLIB_COMPATIBILITY_VERSION = 1;
				DYLIB_CURRENT_VERSION = 1;
				DYLIB_INSTALL_NAME_BASE = "@rpath";
				INFOPLIST_FILE = "$(SRCROOT)/Sources/Info.plist";
				INSTALL_PATH = "$(LOCAL_LIBRARY_DIR)/Frameworks";
				LD_RUNPATH_SEARCH_PATHS = "$(inherited) @executable_path/Frameworks @loader_path/Frameworks";
				PRODUCT_BUNDLE_IDENTIFIER = tr.com.mobilion.PieCrust;
				PRODUCT_NAME = "$(TARGET_NAME:c99extidentifier)";
				SKIP_INSTALL = YES;
				SWIFT_OPTIMIZATION_LEVEL = "-Onone";
				SWIFT_VERSION = 4.0;
				TARGETED_DEVICE_FAMILY = "1,2";
			};
			name = Debug;
		};
		0701FE41202830C90055AC19 /* Release */ = {
			isa = XCBuildConfiguration;
			baseConfigurationReference = 25CBBC1DC7D2FD0A302F9602 /* Pods-PieCrust.release.xcconfig */;
			buildSettings = {
				CLANG_ENABLE_MODULES = YES;
				CODE_SIGN_IDENTITY = "";
				CODE_SIGN_STYLE = Automatic;
				DEFINES_MODULE = YES;
				DEVELOPMENT_TEAM = WK6AZMQTF3;
				DYLIB_COMPATIBILITY_VERSION = 1;
				DYLIB_CURRENT_VERSION = 1;
				DYLIB_INSTALL_NAME_BASE = "@rpath";
				INFOPLIST_FILE = "$(SRCROOT)/Sources/Info.plist";
				INSTALL_PATH = "$(LOCAL_LIBRARY_DIR)/Frameworks";
				LD_RUNPATH_SEARCH_PATHS = "$(inherited) @executable_path/Frameworks @loader_path/Frameworks";
				PRODUCT_BUNDLE_IDENTIFIER = tr.com.mobilion.PieCrust;
				PRODUCT_NAME = "$(TARGET_NAME:c99extidentifier)";
				SKIP_INSTALL = YES;
				SWIFT_VERSION = 4.0;
				TARGETED_DEVICE_FAMILY = "1,2";
			};
			name = Release;
		};
		079508802036FF5D003EA142 /* Debug */ = {
			isa = XCBuildConfiguration;
			baseConfigurationReference = F2F4630D8073FA1DEE419AC4 /* Pods-PieCrustTests.debug.xcconfig */;
			buildSettings = {
				CODE_SIGN_STYLE = Automatic;
				DEVELOPMENT_TEAM = WK6AZMQTF3;
				INFOPLIST_FILE = "$(SRCROOT)/Tests/Info.plist";
				IPHONEOS_DEPLOYMENT_TARGET = 11.2;
				LD_RUNPATH_SEARCH_PATHS = "$(inherited) @executable_path/Frameworks @loader_path/Frameworks";
				PRODUCT_BUNDLE_IDENTIFIER = tr.com.mobilion.PieCrustTests;
				PRODUCT_NAME = "$(TARGET_NAME)";
				SWIFT_VERSION = 4.0;
				TARGETED_DEVICE_FAMILY = "1,2";
			};
			name = Debug;
		};
		079508812036FF5D003EA142 /* Release */ = {
			isa = XCBuildConfiguration;
			baseConfigurationReference = CBBE8D9167CE34F1DC69FF1A /* Pods-PieCrustTests.release.xcconfig */;
			buildSettings = {
				CODE_SIGN_STYLE = Automatic;
				DEVELOPMENT_TEAM = WK6AZMQTF3;
				INFOPLIST_FILE = "$(SRCROOT)/Tests/Info.plist";
				IPHONEOS_DEPLOYMENT_TARGET = 11.2;
				LD_RUNPATH_SEARCH_PATHS = "$(inherited) @executable_path/Frameworks @loader_path/Frameworks";
				PRODUCT_BUNDLE_IDENTIFIER = tr.com.mobilion.PieCrustTests;
				PRODUCT_NAME = "$(TARGET_NAME)";
				SWIFT_VERSION = 4.0;
				TARGETED_DEVICE_FAMILY = "1,2";
			};
			name = Release;
		};
/* End XCBuildConfiguration section */

/* Begin XCConfigurationList section */
		0701FE31202830C90055AC19 /* Build configuration list for PBXProject "PieCrust" */ = {
			isa = XCConfigurationList;
			buildConfigurations = (
				0701FE3D202830C90055AC19 /* Debug */,
				0701FE3E202830C90055AC19 /* Release */,
			);
			defaultConfigurationIsVisible = 0;
			defaultConfigurationName = Release;
		};
		0701FE3F202830C90055AC19 /* Build configuration list for PBXNativeTarget "PieCrust" */ = {
			isa = XCConfigurationList;
			buildConfigurations = (
				0701FE40202830C90055AC19 /* Debug */,
				0701FE41202830C90055AC19 /* Release */,
			);
			defaultConfigurationIsVisible = 0;
			defaultConfigurationName = Release;
		};
		079508822036FF5D003EA142 /* Build configuration list for PBXNativeTarget "PieCrustTests" */ = {
			isa = XCConfigurationList;
			buildConfigurations = (
				079508802036FF5D003EA142 /* Debug */,
				079508812036FF5D003EA142 /* Release */,
			);
			defaultConfigurationIsVisible = 0;
			defaultConfigurationName = Release;
		};
/* End XCConfigurationList section */
	};
	rootObject = 0701FE2E202830C90055AC19 /* Project object */;
}
