// !$*UTF8*$!
{
	archiveVersion = 1;
	classes = {
	};
	objectVersion = 48;
	objects = {

/* Begin PBXBuildFile section */
		079F8F64202DDD8B00599D22 /* HomeViewController.swift in Sources */ = {isa = PBXBuildFile; fileRef = 079F8F5B202DDD8B00599D22 /* HomeViewController.swift */; };
		079F8F65202DDD8B00599D22 /* HomeView.swift in Sources */ = {isa = PBXBuildFile; fileRef = 079F8F5C202DDD8B00599D22 /* HomeView.swift */; };
		079F8F66202DDD8B00599D22 /* NavigationController.swift in Sources */ = {isa = PBXBuildFile; fileRef = 079F8F5D202DDD8B00599D22 /* NavigationController.swift */; };
		079F8F67202DDD8B00599D22 /* CarInfoView.swift in Sources */ = {isa = PBXBuildFile; fileRef = 079F8F5F202DDD8B00599D22 /* CarInfoView.swift */; };
		079F8F68202DDD8B00599D22 /* CarInfoViewController.swift in Sources */ = {isa = PBXBuildFile; fileRef = 079F8F60202DDD8B00599D22 /* CarInfoViewController.swift */; };
		079F8F69202DDD8B00599D22 /* CarsTableViewController.swift in Sources */ = {isa = PBXBuildFile; fileRef = 079F8F62202DDD8B00599D22 /* CarsTableViewController.swift */; };
		079F8F6A202DDD8B00599D22 /* CarTableViewCell.swift in Sources */ = {isa = PBXBuildFile; fileRef = 079F8F63202DDD8B00599D22 /* CarTableViewCell.swift */; };
		079FEAA0202D8C940056CEE8 /* AppDelegate.swift in Sources */ = {isa = PBXBuildFile; fileRef = 079FEA9F202D8C940056CEE8 /* AppDelegate.swift */; };
		079FEAA7202D8C940056CEE8 /* Assets.xcassets in Resources */ = {isa = PBXBuildFile; fileRef = 079FEAA6202D8C940056CEE8 /* Assets.xcassets */; };
		079FEAAA202D8C940056CEE8 /* LaunchScreen.storyboard in Resources */ = {isa = PBXBuildFile; fileRef = 079FEAA8202D8C940056CEE8 /* LaunchScreen.storyboard */; };
		079FEAC1202D8D800056CEE8 /* Car.swift in Sources */ = {isa = PBXBuildFile; fileRef = 079FEAB9202D8D800056CEE8 /* Car.swift */; };
		07DABFCA203C02ED00AEE848 /* TabBarController.swift in Sources */ = {isa = PBXBuildFile; fileRef = 07DABFC9203C02ED00AEE848 /* TabBarController.swift */; };
		07DABFCD203C0AFF00AEE848 /* SettingsViewController.swift in Sources */ = {isa = PBXBuildFile; fileRef = 07DABFCC203C0AFF00AEE848 /* SettingsViewController.swift */; };
		07DABFD0203C108500AEE848 /* AuthViewController.swift in Sources */ = {isa = PBXBuildFile; fileRef = 07DABFCF203C108500AEE848 /* AuthViewController.swift */; };
		07DABFD2203C117900AEE848 /* AuthView.swift in Sources */ = {isa = PBXBuildFile; fileRef = 07DABFD1203C117900AEE848 /* AuthView.swift */; };
		490848299AA6E6BEA7F8CCBE /* Pods_PieCrustExample.framework in Frameworks */ = {isa = PBXBuildFile; fileRef = 552DEE73EDEB8F26760D6E26 /* Pods_PieCrustExample.framework */; };
/* End PBXBuildFile section */

/* Begin PBXFileReference section */
		079F8F5B202DDD8B00599D22 /* HomeViewController.swift */ = {isa = PBXFileReference; fileEncoding = 4; lastKnownFileType = sourcecode.swift; path = HomeViewController.swift; sourceTree = "<group>"; };
		079F8F5C202DDD8B00599D22 /* HomeView.swift */ = {isa = PBXFileReference; fileEncoding = 4; lastKnownFileType = sourcecode.swift; path = HomeView.swift; sourceTree = "<group>"; };
		079F8F5D202DDD8B00599D22 /* NavigationController.swift */ = {isa = PBXFileReference; fileEncoding = 4; lastKnownFileType = sourcecode.swift; path = NavigationController.swift; sourceTree = "<group>"; };
		079F8F5F202DDD8B00599D22 /* CarInfoView.swift */ = {isa = PBXFileReference; fileEncoding = 4; lastKnownFileType = sourcecode.swift; path = CarInfoView.swift; sourceTree = "<group>"; };
		079F8F60202DDD8B00599D22 /* CarInfoViewController.swift */ = {isa = PBXFileReference; fileEncoding = 4; lastKnownFileType = sourcecode.swift; path = CarInfoViewController.swift; sourceTree = "<group>"; };
		079F8F62202DDD8B00599D22 /* CarsTableViewController.swift */ = {isa = PBXFileReference; fileEncoding = 4; lastKnownFileType = sourcecode.swift; path = CarsTableViewController.swift; sourceTree = "<group>"; };
		079F8F63202DDD8B00599D22 /* CarTableViewCell.swift */ = {isa = PBXFileReference; fileEncoding = 4; lastKnownFileType = sourcecode.swift; path = CarTableViewCell.swift; sourceTree = "<group>"; };
		079FEA9C202D8C940056CEE8 /* PieCrustExample.app */ = {isa = PBXFileReference; explicitFileType = wrapper.application; includeInIndex = 0; path = PieCrustExample.app; sourceTree = BUILT_PRODUCTS_DIR; };
		079FEA9F202D8C940056CEE8 /* AppDelegate.swift */ = {isa = PBXFileReference; lastKnownFileType = sourcecode.swift; path = AppDelegate.swift; sourceTree = "<group>"; };
		079FEAA6202D8C940056CEE8 /* Assets.xcassets */ = {isa = PBXFileReference; lastKnownFileType = folder.assetcatalog; path = Assets.xcassets; sourceTree = "<group>"; };
		079FEAA9202D8C940056CEE8 /* Base */ = {isa = PBXFileReference; lastKnownFileType = file.storyboard; name = Base; path = Base.lproj/LaunchScreen.storyboard; sourceTree = "<group>"; };
		079FEAAB202D8C940056CEE8 /* Info.plist */ = {isa = PBXFileReference; lastKnownFileType = text.plist.xml; path = Info.plist; sourceTree = "<group>"; };
		079FEAB9202D8D800056CEE8 /* Car.swift */ = {isa = PBXFileReference; fileEncoding = 4; lastKnownFileType = sourcecode.swift; path = Car.swift; sourceTree = "<group>"; };
		07DABFC9203C02ED00AEE848 /* TabBarController.swift */ = {isa = PBXFileReference; lastKnownFileType = sourcecode.swift; path = TabBarController.swift; sourceTree = "<group>"; };
		07DABFCC203C0AFF00AEE848 /* SettingsViewController.swift */ = {isa = PBXFileReference; lastKnownFileType = sourcecode.swift; path = SettingsViewController.swift; sourceTree = "<group>"; };
		07DABFCF203C108500AEE848 /* AuthViewController.swift */ = {isa = PBXFileReference; lastKnownFileType = sourcecode.swift; path = AuthViewController.swift; sourceTree = "<group>"; };
		07DABFD1203C117900AEE848 /* AuthView.swift */ = {isa = PBXFileReference; lastKnownFileType = sourcecode.swift; path = AuthView.swift; sourceTree = "<group>"; };
		552DEE73EDEB8F26760D6E26 /* Pods_PieCrustExample.framework */ = {isa = PBXFileReference; explicitFileType = wrapper.framework; includeInIndex = 0; path = Pods_PieCrustExample.framework; sourceTree = BUILT_PRODUCTS_DIR; };
		5EDD15FD9D20635F9A776C93 /* Pods-PieCrustExample.debug.xcconfig */ = {isa = PBXFileReference; includeInIndex = 1; lastKnownFileType = text.xcconfig; name = "Pods-PieCrustExample.debug.xcconfig"; path = "Pods/Target Support Files/Pods-PieCrustExample/Pods-PieCrustExample.debug.xcconfig"; sourceTree = "<group>"; };
		AE75553603462D7B7983859E /* Pods-PieCrustExample.release.xcconfig */ = {isa = PBXFileReference; includeInIndex = 1; lastKnownFileType = text.xcconfig; name = "Pods-PieCrustExample.release.xcconfig"; path = "Pods/Target Support Files/Pods-PieCrustExample/Pods-PieCrustExample.release.xcconfig"; sourceTree = "<group>"; };
/* End PBXFileReference section */

/* Begin PBXFrameworksBuildPhase section */
		079FEA99202D8C940056CEE8 /* Frameworks */ = {
			isa = PBXFrameworksBuildPhase;
			buildActionMask = 2147483647;
			files = (
				490848299AA6E6BEA7F8CCBE /* Pods_PieCrustExample.framework in Frameworks */,
			);
			runOnlyForDeploymentPostprocessing = 0;
		};
/* End PBXFrameworksBuildPhase section */

/* Begin PBXGroup section */
		079F8F52202DDD3E00599D22 /* Models */ = {
			isa = PBXGroup;
			children = (
				079FEAB9202D8D800056CEE8 /* Car.swift */,
			);
			path = Models;
			sourceTree = "<group>";
		};
		079F8F53202DDD4E00599D22 /* Controllers */ = {
			isa = PBXGroup;
			children = (
				079F8F5D202DDD8B00599D22 /* NavigationController.swift */,
				07DABFC9203C02ED00AEE848 /* TabBarController.swift */,
				07DABFCE203C107100AEE848 /* Auth */,
				079F8F5A202DDD8B00599D22 /* Home */,
				079F8F61202DDD8B00599D22 /* Cars */,
				07DABFCB203C0ADD00AEE848 /* Settings */,
			);
			path = Controllers;
			sourceTree = "<group>";
		};
		079F8F5A202DDD8B00599D22 /* Home */ = {
			isa = PBXGroup;
			children = (
				079F8F5C202DDD8B00599D22 /* HomeView.swift */,
				079F8F5B202DDD8B00599D22 /* HomeViewController.swift */,
			);
			path = Home;
			sourceTree = "<group>";
		};
		079F8F5E202DDD8B00599D22 /* CarInfo */ = {
			isa = PBXGroup;
			children = (
				079F8F5F202DDD8B00599D22 /* CarInfoView.swift */,
				079F8F60202DDD8B00599D22 /* CarInfoViewController.swift */,
			);
			path = CarInfo;
			sourceTree = "<group>";
		};
		079F8F61202DDD8B00599D22 /* Cars */ = {
			isa = PBXGroup;
			children = (
				079F8F63202DDD8B00599D22 /* CarTableViewCell.swift */,
				079F8F62202DDD8B00599D22 /* CarsTableViewController.swift */,
				079F8F5E202DDD8B00599D22 /* CarInfo */,
			);
			path = Cars;
			sourceTree = "<group>";
		};
		079FEA93202D8C940056CEE8 = {
			isa = PBXGroup;
			children = (
				079FEA9E202D8C940056CEE8 /* PieCrustExample */,
				079FEA9D202D8C940056CEE8 /* Products */,
				ABB01106BAE45C066FD3EC75 /* Pods */,
				C18292A570B07173ECFDF8FF /* Frameworks */,
			);
			sourceTree = "<group>";
		};
		079FEA9D202D8C940056CEE8 /* Products */ = {
			isa = PBXGroup;
			children = (
				079FEA9C202D8C940056CEE8 /* PieCrustExample.app */,
			);
			name = Products;
			sourceTree = "<group>";
		};
		079FEA9E202D8C940056CEE8 /* PieCrustExample */ = {
			isa = PBXGroup;
			children = (
				079FEA9F202D8C940056CEE8 /* AppDelegate.swift */,
				079F8F52202DDD3E00599D22 /* Models */,
				079F8F53202DDD4E00599D22 /* Controllers */,
				079FEAA6202D8C940056CEE8 /* Assets.xcassets */,
				079FEAA8202D8C940056CEE8 /* LaunchScreen.storyboard */,
				079FEAAB202D8C940056CEE8 /* Info.plist */,
			);
			path = PieCrustExample;
			sourceTree = "<group>";
		};
		07DABFCB203C0ADD00AEE848 /* Settings */ = {
			isa = PBXGroup;
			children = (
				07DABFCC203C0AFF00AEE848 /* SettingsViewController.swift */,
			);
			path = Settings;
			sourceTree = "<group>";
		};
		07DABFCE203C107100AEE848 /* Auth */ = {
			isa = PBXGroup;
			children = (
				07DABFD1203C117900AEE848 /* AuthView.swift */,
				07DABFCF203C108500AEE848 /* AuthViewController.swift */,
			);
			path = Auth;
			sourceTree = "<group>";
		};
		ABB01106BAE45C066FD3EC75 /* Pods */ = {
			isa = PBXGroup;
			children = (
				5EDD15FD9D20635F9A776C93 /* Pods-PieCrustExample.debug.xcconfig */,
				AE75553603462D7B7983859E /* Pods-PieCrustExample.release.xcconfig */,
			);
			name = Pods;
			sourceTree = "<group>";
		};
		C18292A570B07173ECFDF8FF /* Frameworks */ = {
			isa = PBXGroup;
			children = (
				552DEE73EDEB8F26760D6E26 /* Pods_PieCrustExample.framework */,
			);
			name = Frameworks;
			sourceTree = "<group>";
		};
/* End PBXGroup section */

/* Begin PBXNativeTarget section */
		079FEA9B202D8C940056CEE8 /* PieCrustExample */ = {
			isa = PBXNativeTarget;
			buildConfigurationList = 079FEAAE202D8C940056CEE8 /* Build configuration list for PBXNativeTarget "PieCrustExample" */;
			buildPhases = (
				F75C1E79EB558D50B37487D3 /* [CP] Check Pods Manifest.lock */,
				079FEA98202D8C940056CEE8 /* Sources */,
				079FEA99202D8C940056CEE8 /* Frameworks */,
				079FEA9A202D8C940056CEE8 /* Resources */,
				5184703051F74472AFD93F76 /* [CP] Embed Pods Frameworks */,
				112ED4C7CC5C2F015518DE21 /* [CP] Copy Pods Resources */,
			);
			buildRules = (
			);
			dependencies = (
			);
			name = PieCrustExample;
			productName = PieCrustExample;
			productReference = 079FEA9C202D8C940056CEE8 /* PieCrustExample.app */;
			productType = "com.apple.product-type.application";
		};
/* End PBXNativeTarget section */

/* Begin PBXProject section */
		079FEA94202D8C940056CEE8 /* Project object */ = {
			isa = PBXProject;
			attributes = {
				LastSwiftUpdateCheck = 0920;
				LastUpgradeCheck = 0920;
				ORGANIZATIONNAME = Mobilion;
				TargetAttributes = {
					079FEA9B202D8C940056CEE8 = {
						CreatedOnToolsVersion = 9.2;
						ProvisioningStyle = Automatic;
					};
				};
			};
			buildConfigurationList = 079FEA97202D8C940056CEE8 /* Build configuration list for PBXProject "PieCrustExample" */;
			compatibilityVersion = "Xcode 8.0";
			developmentRegion = en;
			hasScannedForEncodings = 0;
			knownRegions = (
				en,
				Base,
			);
			mainGroup = 079FEA93202D8C940056CEE8;
			productRefGroup = 079FEA9D202D8C940056CEE8 /* Products */;
			projectDirPath = "";
			projectRoot = "";
			targets = (
				079FEA9B202D8C940056CEE8 /* PieCrustExample */,
			);
		};
/* End PBXProject section */

/* Begin PBXResourcesBuildPhase section */
		079FEA9A202D8C940056CEE8 /* Resources */ = {
			isa = PBXResourcesBuildPhase;
			buildActionMask = 2147483647;
			files = (
				079FEAAA202D8C940056CEE8 /* LaunchScreen.storyboard in Resources */,
				079FEAA7202D8C940056CEE8 /* Assets.xcassets in Resources */,
			);
			runOnlyForDeploymentPostprocessing = 0;
		};
/* End PBXResourcesBuildPhase section */

/* Begin PBXShellScriptBuildPhase section */
		112ED4C7CC5C2F015518DE21 /* [CP] Copy Pods Resources */ = {
			isa = PBXShellScriptBuildPhase;
			buildActionMask = 2147483647;
			files = (
			);
			inputPaths = (
			);
			name = "[CP] Copy Pods Resources";
			outputPaths = (
			);
			runOnlyForDeploymentPostprocessing = 0;
			shellPath = /bin/sh;
			shellScript = "\"${SRCROOT}/Pods/Target Support Files/Pods-PieCrustExample/Pods-PieCrustExample-resources.sh\"\n";
			showEnvVarsInLog = 0;
		};
		5184703051F74472AFD93F76 /* [CP] Embed Pods Frameworks */ = {
			isa = PBXShellScriptBuildPhase;
			buildActionMask = 2147483647;
			files = (
			);
			inputPaths = (
				"${SRCROOT}/Pods/Target Support Files/Pods-PieCrustExample/Pods-PieCrustExample-frameworks.sh",
				"${BUILT_PRODUCTS_DIR}/PieCrust/PieCrust.framework",
				"${BUILT_PRODUCTS_DIR}/SnapKit/SnapKit.framework",
			);
			name = "[CP] Embed Pods Frameworks";
			outputPaths = (
				"${TARGET_BUILD_DIR}/${FRAMEWORKS_FOLDER_PATH}/PieCrust.framework",
				"${TARGET_BUILD_DIR}/${FRAMEWORKS_FOLDER_PATH}/SnapKit.framework",
			);
			runOnlyForDeploymentPostprocessing = 0;
			shellPath = /bin/sh;
			shellScript = "\"${SRCROOT}/Pods/Target Support Files/Pods-PieCrustExample/Pods-PieCrustExample-frameworks.sh\"\n";
			showEnvVarsInLog = 0;
		};
		F75C1E79EB558D50B37487D3 /* [CP] Check Pods Manifest.lock */ = {
			isa = PBXShellScriptBuildPhase;
			buildActionMask = 2147483647;
			files = (
			);
			inputPaths = (
				"${PODS_PODFILE_DIR_PATH}/Podfile.lock",
				"${PODS_ROOT}/Manifest.lock",
			);
			name = "[CP] Check Pods Manifest.lock";
			outputPaths = (
				"$(DERIVED_FILE_DIR)/Pods-PieCrustExample-checkManifestLockResult.txt",
			);
			runOnlyForDeploymentPostprocessing = 0;
			shellPath = /bin/sh;
			shellScript = "diff \"${PODS_PODFILE_DIR_PATH}/Podfile.lock\" \"${PODS_ROOT}/Manifest.lock\" > /dev/null\nif [ $? != 0 ] ; then\n    # print error to STDERR\n    echo \"error: The sandbox is not in sync with the Podfile.lock. Run 'pod install' or update your CocoaPods installation.\" >&2\n    exit 1\nfi\n# This output is used by Xcode 'outputs' to avoid re-running this script phase.\necho \"SUCCESS\" > \"${SCRIPT_OUTPUT_FILE_0}\"\n";
			showEnvVarsInLog = 0;
		};
/* End PBXShellScriptBuildPhase section */

/* Begin PBXSourcesBuildPhase section */
		079FEA98202D8C940056CEE8 /* Sources */ = {
			isa = PBXSourcesBuildPhase;
			buildActionMask = 2147483647;
			files = (
				079F8F69202DDD8B00599D22 /* CarsTableViewController.swift in Sources */,
				079F8F66202DDD8B00599D22 /* NavigationController.swift in Sources */,
				07DABFCD203C0AFF00AEE848 /* SettingsViewController.swift in Sources */,
				07DABFD2203C117900AEE848 /* AuthView.swift in Sources */,
				079F8F64202DDD8B00599D22 /* HomeViewController.swift in Sources */,
				07DABFD0203C108500AEE848 /* AuthViewController.swift in Sources */,
				07DABFCA203C02ED00AEE848 /* TabBarController.swift in Sources */,
				079F8F68202DDD8B00599D22 /* CarInfoViewController.swift in Sources */,
				079F8F65202DDD8B00599D22 /* HomeView.swift in Sources */,
				079F8F6A202DDD8B00599D22 /* CarTableViewCell.swift in Sources */,
				079F8F67202DDD8B00599D22 /* CarInfoView.swift in Sources */,
				079FEAA0202D8C940056CEE8 /* AppDelegate.swift in Sources */,
				079FEAC1202D8D800056CEE8 /* Car.swift in Sources */,
			);
			runOnlyForDeploymentPostprocessing = 0;
		};
/* End PBXSourcesBuildPhase section */

/* Begin PBXVariantGroup section */
		079FEAA8202D8C940056CEE8 /* LaunchScreen.storyboard */ = {
			isa = PBXVariantGroup;
			children = (
				079FEAA9202D8C940056CEE8 /* Base */,
			);
			name = LaunchScreen.storyboard;
			sourceTree = "<group>";
		};
/* End PBXVariantGroup section */

/* Begin XCBuildConfiguration section */
		079FEAAC202D8C940056CEE8 /* Debug */ = {
			isa = XCBuildConfiguration;
			buildSettings = {
				ALWAYS_SEARCH_USER_PATHS = NO;
				CLANG_ANALYZER_NONNULL = YES;
				CLANG_ANALYZER_NUMBER_OBJECT_CONVERSION = YES_AGGRESSIVE;
				CLANG_CXX_LANGUAGE_STANDARD = "gnu++14";
				CLANG_CXX_LIBRARY = "libc++";
				CLANG_ENABLE_MODULES = YES;
				CLANG_ENABLE_OBJC_ARC = YES;
				CLANG_WARN_BLOCK_CAPTURE_AUTORELEASING = YES;
				CLANG_WARN_BOOL_CONVERSION = YES;
				CLANG_WARN_COMMA = YES;
				CLANG_WARN_CONSTANT_CONVERSION = YES;
				CLANG_WARN_DIRECT_OBJC_ISA_USAGE = YES_ERROR;
				CLANG_WARN_DOCUMENTATION_COMMENTS = YES;
				CLANG_WARN_EMPTY_BODY = YES;
				CLANG_WARN_ENUM_CONVERSION = YES;
				CLANG_WARN_INFINITE_RECURSION = YES;
				CLANG_WARN_INT_CONVERSION = YES;
				CLANG_WARN_NON_LITERAL_NULL_CONVERSION = YES;
				CLANG_WARN_OBJC_LITERAL_CONVERSION = YES;
				CLANG_WARN_OBJC_ROOT_CLASS = YES_ERROR;
				CLANG_WARN_RANGE_LOOP_ANALYSIS = YES;
				CLANG_WARN_STRICT_PROTOTYPES = YES;
				CLANG_WARN_SUSPICIOUS_MOVE = YES;
				CLANG_WARN_UNGUARDED_AVAILABILITY = YES_AGGRESSIVE;
				CLANG_WARN_UNREACHABLE_CODE = YES;
				CLANG_WARN__DUPLICATE_METHOD_MATCH = YES;
				CODE_SIGN_IDENTITY = "iPhone Developer";
				COPY_PHASE_STRIP = NO;
				DEBUG_INFORMATION_FORMAT = dwarf;
				ENABLE_STRICT_OBJC_MSGSEND = YES;
				ENABLE_TESTABILITY = YES;
				GCC_C_LANGUAGE_STANDARD = gnu11;
				GCC_DYNAMIC_NO_PIC = NO;
				GCC_NO_COMMON_BLOCKS = YES;
				GCC_OPTIMIZATION_LEVEL = 0;
				GCC_PREPROCESSOR_DEFINITIONS = (
					"DEBUG=1",
					"$(inherited)",
				);
				GCC_WARN_64_TO_32_BIT_CONVERSION = YES;
				GCC_WARN_ABOUT_RETURN_TYPE = YES_ERROR;
				GCC_WARN_UNDECLARED_SELECTOR = YES;
				GCC_WARN_UNINITIALIZED_AUTOS = YES_AGGRESSIVE;
				GCC_WARN_UNUSED_FUNCTION = YES;
				GCC_WARN_UNUSED_VARIABLE = YES;
				IPHONEOS_DEPLOYMENT_TARGET = 9.0;
				MTL_ENABLE_DEBUG_INFO = YES;
				ONLY_ACTIVE_ARCH = YES;
				SDKROOT = iphoneos;
				SWIFT_ACTIVE_COMPILATION_CONDITIONS = DEBUG;
				SWIFT_OPTIMIZATION_LEVEL = "-Onone";
			};
			name = Debug;
		};
		079FEAAD202D8C940056CEE8 /* Release */ = {
			isa = XCBuildConfiguration;
			buildSettings = {
				ALWAYS_SEARCH_USER_PATHS = NO;
				CLANG_ANALYZER_NONNULL = YES;
				CLANG_ANALYZER_NUMBER_OBJECT_CONVERSION = YES_AGGRESSIVE;
				CLANG_CXX_LANGUAGE_STANDARD = "gnu++14";
				CLANG_CXX_LIBRARY = "libc++";
				CLANG_ENABLE_MODULES = YES;
				CLANG_ENABLE_OBJC_ARC = YES;
				CLANG_WARN_BLOCK_CAPTURE_AUTORELEASING = YES;
				CLANG_WARN_BOOL_CONVERSION = YES;
				CLANG_WARN_COMMA = YES;
				CLANG_WARN_CONSTANT_CONVERSION = YES;
				CLANG_WARN_DIRECT_OBJC_ISA_USAGE = YES_ERROR;
				CLANG_WARN_DOCUMENTATION_COMMENTS = YES;
				CLANG_WARN_EMPTY_BODY = YES;
				CLANG_WARN_ENUM_CONVERSION = YES;
				CLANG_WARN_INFINITE_RECURSION = YES;
				CLANG_WARN_INT_CONVERSION = YES;
				CLANG_WARN_NON_LITERAL_NULL_CONVERSION = YES;
				CLANG_WARN_OBJC_LITERAL_CONVERSION = YES;
				CLANG_WARN_OBJC_ROOT_CLASS = YES_ERROR;
				CLANG_WARN_RANGE_LOOP_ANALYSIS = YES;
				CLANG_WARN_STRICT_PROTOTYPES = YES;
				CLANG_WARN_SUSPICIOUS_MOVE = YES;
				CLANG_WARN_UNGUARDED_AVAILABILITY = YES_AGGRESSIVE;
				CLANG_WARN_UNREACHABLE_CODE = YES;
				CLANG_WARN__DUPLICATE_METHOD_MATCH = YES;
				CODE_SIGN_IDENTITY = "iPhone Developer";
				COPY_PHASE_STRIP = NO;
				DEBUG_INFORMATION_FORMAT = "dwarf-with-dsym";
				ENABLE_NS_ASSERTIONS = NO;
				ENABLE_STRICT_OBJC_MSGSEND = YES;
				GCC_C_LANGUAGE_STANDARD = gnu11;
				GCC_NO_COMMON_BLOCKS = YES;
				GCC_WARN_64_TO_32_BIT_CONVERSION = YES;
				GCC_WARN_ABOUT_RETURN_TYPE = YES_ERROR;
				GCC_WARN_UNDECLARED_SELECTOR = YES;
				GCC_WARN_UNINITIALIZED_AUTOS = YES_AGGRESSIVE;
				GCC_WARN_UNUSED_FUNCTION = YES;
				GCC_WARN_UNUSED_VARIABLE = YES;
				IPHONEOS_DEPLOYMENT_TARGET = 9.0;
				MTL_ENABLE_DEBUG_INFO = NO;
				SDKROOT = iphoneos;
				SWIFT_OPTIMIZATION_LEVEL = "-Owholemodule";
				VALIDATE_PRODUCT = YES;
			};
			name = Release;
		};
		079FEAAF202D8C940056CEE8 /* Debug */ = {
			isa = XCBuildConfiguration;
			baseConfigurationReference = 5EDD15FD9D20635F9A776C93 /* Pods-PieCrustExample.debug.xcconfig */;
			buildSettings = {
				ASSETCATALOG_COMPILER_APPICON_NAME = AppIcon;
				CODE_SIGN_STYLE = Automatic;
				DEVELOPMENT_TEAM = WK6AZMQTF3;
				INFOPLIST_FILE = PieCrustExample/Info.plist;
				IPHONEOS_DEPLOYMENT_TARGET = 9.0;
				LD_RUNPATH_SEARCH_PATHS = "$(inherited) @executable_path/Frameworks";
				PRODUCT_BUNDLE_IDENTIFIER = tr.com.mobilion.PieCrustExample;
				PRODUCT_NAME = "$(TARGET_NAME)";
				SWIFT_VERSION = 4.0;
				TARGETED_DEVICE_FAMILY = 1;
			};
			name = Debug;
		};
		079FEAB0202D8C940056CEE8 /* Release */ = {
			isa = XCBuildConfiguration;
			baseConfigurationReference = AE75553603462D7B7983859E /* Pods-PieCrustExample.release.xcconfig */;
			buildSettings = {
				ASSETCATALOG_COMPILER_APPICON_NAME = AppIcon;
				CODE_SIGN_STYLE = Automatic;
				DEVELOPMENT_TEAM = WK6AZMQTF3;
				INFOPLIST_FILE = PieCrustExample/Info.plist;
				IPHONEOS_DEPLOYMENT_TARGET = 9.0;
				LD_RUNPATH_SEARCH_PATHS = "$(inherited) @executable_path/Frameworks";
				PRODUCT_BUNDLE_IDENTIFIER = tr.com.mobilion.PieCrustExample;
				PRODUCT_NAME = "$(TARGET_NAME)";
				SWIFT_VERSION = 4.0;
				TARGETED_DEVICE_FAMILY = 1;
			};
			name = Release;
		};
/* End XCBuildConfiguration section */

/* Begin XCConfigurationList section */
		079FEA97202D8C940056CEE8 /* Build configuration list for PBXProject "PieCrustExample" */ = {
			isa = XCConfigurationList;
			buildConfigurations = (
				079FEAAC202D8C940056CEE8 /* Debug */,
				079FEAAD202D8C940056CEE8 /* Release */,
			);
			defaultConfigurationIsVisible = 0;
			defaultConfigurationName = Release;
		};
		079FEAAE202D8C940056CEE8 /* Build configuration list for PBXNativeTarget "PieCrustExample" */ = {
			isa = XCConfigurationList;
			buildConfigurations = (
				079FEAAF202D8C940056CEE8 /* Debug */,
				079FEAB0202D8C940056CEE8 /* Release */,
			);
			defaultConfigurationIsVisible = 0;
			defaultConfigurationName = Release;
		};
/* End XCConfigurationList section */
	};
	rootObject = 079FEA94202D8C940056CEE8 /* Project object */;
}
